{
  "pins" : [
    {
      "identity" : "papersaver",
      "kind" : "remoteSourceControl",
      "location" : "https://github.com/AerialScreensaver/PaperSaver.git",
      "state" : {
        "revision" : "3929bf81bc160047b3cb6da546d0ed59819f36b7",
        "version" : "0.2.1"
      }
    },
    {
      "identity" : "swift-argument-parser",
      "kind" : "remoteSourceControl",
      "location" : "https://github.com/apple/swift-argument-parser",
      "state" : {
        "revision" : "ca37474853a4b5f59a22c74bfdd449b1f6bc4cc2",
        "version" : "1.8.1"
      }
    }
  ],
  "version" : 2
}
